{
  "lockfileVersion": 1,
  "configVersion": 1,
  "workspaces": {
    "": {
      "dependencies": {
        "list": "^2.0.19",
      },
    },
  },
  "packages": {
    "list": ["list@2.0.19", "", {}, "sha512-nnVaRp4RaMAQkCpypTThsdxKqgPMiSwJq93eAm2/IbpUa8sd04XKBhkKu+bMk63HmdjK8b8Cuh4xARHWX2ye/Q=="],
  }
}
